
Microsoft Visual Studio Solution File, Format Version 12.00
# Visual Studio Version 17
VisualStudioVersion = 17.8.34316.72
MinimumVisualStudioVersion = 10.0.40219.1
Project("{FAE04EC0-301F-11D3-BF4B-00C04F79EFBC}") = "Engineering-Calculator-WPF", "Engineering-Calculator-WPF.csproj", "{C3F278A1-9F93-4649-9C36-6A5889EB6470}"
EndProject
Global
	GlobalSection(SolutionConfigurationPlatforms) = preSolution
		Debug|Any CPU = Debug|Any CPU
		Release|Any CPU = Release|Any CPU
	EndGlobalSection
	GlobalSection(ProjectConfigurationPlatforms) = postSolution
		{C3F278A1-9F93-4649-9C36-6A5889EB6470}.Debug|Any CPU.ActiveCfg = Debug|Any CPU
		{C3F278A1-9F93-4649-9C36-6A5889EB6470}.Debug|Any CPU.Build.0 = Debug|Any CPU
		{C3F278A1-9F93-4649-9C36-6A5889EB6470}.Release|Any CPU.ActiveCfg = Release|Any CPU
		{C3F278A1-9F93-4649-9C36-6A5889EB6470}.Release|Any CPU.Build.0 = Release|Any CPU
	EndGlobalSection
	GlobalSection(SolutionProperties) = preSolution
		HideSolutionNode = FALSE
	EndGlobalSection
	GlobalSection(ExtensibilityGlobals) = postSolution
		SolutionGuid = {FCCDD981-90E7-4158-B480-27E2ECDCF371}
	EndGlobalSection
EndGlobal
